
Microsoft Visual Studio Solution File, Format Version 12.00
# Visual Studio Version 16
VisualStudioVersion = 16.0.29009.5
MinimumVisualStudioVersion = 10.0.40219.1
Project("{FAE04EC0-301F-11D3-BF4B-00C04F79EFBC}") = "CSharp Encryption", "CSharp Encryption.csproj", "{350AFBD0-C16C-4D4D-80ED-BA623B3D1549}"
EndProject
Global
	GlobalSection(SolutionConfigurationPlatforms) = preSolution
		Debug|Any CPU = Debug|Any CPU
		Release|Any CPU = Release|Any CPU
	EndGlobalSection
	GlobalSection(ProjectConfigurationPlatforms) = postSolution
		{350AFBD0-C16C-4D4D-80ED-BA623B3D1549}.Debug|Any CPU.ActiveCfg = Debug|Any CPU
		{350AFBD0-C16C-4D4D-80ED-BA623B3D1549}.Debug|Any CPU.Build.0 = Debug|Any CPU
		{350AFBD0-C16C-4D4D-80ED-BA623B3D1549}.Release|Any CPU.ActiveCfg = Release|Any CPU
		{350AFBD0-C16C-4D4D-80ED-BA623B3D1549}.Release|Any CPU.Build.0 = Release|Any CPU
	EndGlobalSection
	GlobalSection(SolutionProperties) = preSolution
		HideSolutionNode = FALSE
	EndGlobalSection
	GlobalSection(ExtensibilityGlobals) = postSolution
		SolutionGuid = {39CAB0E6-19B7-4AF5-83A1-C3B5868207D1}
	EndGlobalSection
EndGlobal
